
Microsoft Visual Studio Solution File, Format Version 11.00
# Visual Studio 2010
Project("{F184B08F-C81C-45F6-A57F-5ABD9991F28F}") = "project_MiniMarket", "project_MiniMarket\project_MiniMarket.vbproj", "{864C7C10-A084-4556-8299-609F3B9848BD}"
EndProject
Global
	GlobalSection(SolutionConfigurationPlatforms) = preSolution
		Debug|x86 = Debug|x86
		minimarket|x86 = minimarket|x86
		Release|x86 = Release|x86
	EndGlobalSection
	GlobalSection(ProjectConfigurationPlatforms) = postSolution
		{864C7C10-A084-4556-8299-609F3B9848BD}.Debug|x86.ActiveCfg = Debug|x86
		{864C7C10-A084-4556-8299-609F3B9848BD}.Debug|x86.Build.0 = Debug|x86
		{864C7C10-A084-4556-8299-609F3B9848BD}.minimarket|x86.ActiveCfg = minimarket|x86
		{864C7C10-A084-4556-8299-609F3B9848BD}.minimarket|x86.Build.0 = minimarket|x86
		{864C7C10-A084-4556-8299-609F3B9848BD}.Release|x86.ActiveCfg = Release|x86
		{864C7C10-A084-4556-8299-609F3B9848BD}.Release|x86.Build.0 = Release|x86
	EndGlobalSection
	GlobalSection(SolutionProperties) = preSolution
		HideSolutionNode = FALSE
	EndGlobalSection
EndGlobal
